
Microsoft Visual Studio Solution File, Format Version 12.00
# Visual Studio 15
VisualStudioVersion = 15.0.28010.2036
MinimumVisualStudioVersion = 10.0.40219.1
Project("{FAE04EC0-301F-11D3-BF4B-00C04F79EFBC}") = "05_02_2020_prog_02_ContaBand", "05_02_2020_prog_02_ContaBand\05_02_2020_prog_02_ContaBand.csproj", "{0A89A651-DE1D-41B8-B33B-6B2726597FCA}"
EndProject
Global
	GlobalSection(SolutionConfigurationPlatforms) = preSolution
		Debug|Any CPU = Debug|Any CPU
		Release|Any CPU = Release|Any CPU
	EndGlobalSection
	GlobalSection(ProjectConfigurationPlatforms) = postSolution
		{0A89A651-DE1D-41B8-B33B-6B2726597FCA}.Debug|Any CPU.ActiveCfg = Debug|Any CPU
		{0A89A651-DE1D-41B8-B33B-6B2726597FCA}.Debug|Any CPU.Build.0 = Debug|Any CPU
		{0A89A651-DE1D-41B8-B33B-6B2726597FCA}.Release|Any CPU.ActiveCfg = Release|Any CPU
		{0A89A651-DE1D-41B8-B33B-6B2726597FCA}.Release|Any CPU.Build.0 = Release|Any CPU
	EndGlobalSection
	GlobalSection(SolutionProperties) = preSolution
		HideSolutionNode = FALSE
	EndGlobalSection
	GlobalSection(ExtensibilityGlobals) = postSolution
		SolutionGuid = {CD35B5E5-6A01-4DC1-88DF-70C787726D32}
	EndGlobalSection
EndGlobal
